// !$*UTF8*$!
{
	archiveVersion = 1;
	classes = {
	};
	objectVersion = 46;
	objects = {

/* Begin PBXBuildFile section */
		4445CF88201F6D9E00CAEF06 /* DoggoButton.swift in Sources */ = {isa = PBXBuildFile; fileRef = 4445CF7C201F6D9E00CAEF06 /* DoggoButton.swift */; };
		4445CF89201F6D9E00CAEF06 /* Assets.xcassets in Resources */ = {isa = PBXBuildFile; fileRef = 4445CF7D201F6D9E00CAEF06 /* Assets.xcassets */; };
		4445CF8A201F6D9E00CAEF06 /* Headshot.swift in Sources */ = {isa = PBXBuildFile; fileRef = 4445CF7F201F6D9E00CAEF06 /* Headshot.swift */; };
		4445CF8B201F6D9E00CAEF06 /* Profile.swift in Sources */ = {isa = PBXBuildFile; fileRef = 4445CF80201F6D9E00CAEF06 /* Profile.swift */; };
		4445CF8C201F6D9E00CAEF06 /* Main.storyboard in Resources */ = {isa = PBXBuildFile; fileRef = 4445CF81201F6D9E00CAEF06 /* Main.storyboard */; };
		4445CF8D201F6D9E00CAEF06 /* DoggoGameViewController.swift in Sources */ = {isa = PBXBuildFile; fileRef = 4445CF83201F6D9E00CAEF06 /* DoggoGameViewController.swift */; };
		4445CF8E201F6D9E00CAEF06 /* DoggoGame.swift in Sources */ = {isa = PBXBuildFile; fileRef = 4445CF84201F6D9E00CAEF06 /* DoggoGame.swift */; };
		4445CF8F201F6D9E00CAEF06 /* API.swift in Sources */ = {isa = PBXBuildFile; fileRef = 4445CF85201F6D9E00CAEF06 /* API.swift */; };
		4445CF90201F6D9E00CAEF06 /* AppDelegate.swift in Sources */ = {isa = PBXBuildFile; fileRef = 4445CF86201F6D9E00CAEF06 /* AppDelegate.swift */; };
/* End PBXBuildFile section */

/* Begin PBXFileReference section */
		4445CF7C201F6D9E00CAEF06 /* DoggoButton.swift */ = {isa = PBXFileReference; fileEncoding = 4; lastKnownFileType = sourcecode.swift; path = DoggoButton.swift; sourceTree = "<group>"; };
		4445CF7D201F6D9E00CAEF06 /* Assets.xcassets */ = {isa = PBXFileReference; lastKnownFileType = folder.assetcatalog; path = Assets.xcassets; sourceTree = "<group>"; };
		4445CF7F201F6D9E00CAEF06 /* Headshot.swift */ = {isa = PBXFileReference; fileEncoding = 4; lastKnownFileType = sourcecode.swift; path = Headshot.swift; sourceTree = "<group>"; };
		4445CF80201F6D9E00CAEF06 /* Profile.swift */ = {isa = PBXFileReference; fileEncoding = 4; lastKnownFileType = sourcecode.swift; path = Profile.swift; sourceTree = "<group>"; };
		4445CF82201F6D9E00CAEF06 /* Base */ = {isa = PBXFileReference; lastKnownFileType = file.storyboard; name = Base; path = Base.lproj/Main.storyboard; sourceTree = "<group>"; };
		4445CF83201F6D9E00CAEF06 /* DoggoGameViewController.swift */ = {isa = PBXFileReference; fileEncoding = 4; lastKnownFileType = sourcecode.swift; path = DoggoGameViewController.swift; sourceTree = "<group>"; };
		4445CF84201F6D9E00CAEF06 /* DoggoGame.swift */ = {isa = PBXFileReference; fileEncoding = 4; lastKnownFileType = sourcecode.swift; path = DoggoGame.swift; sourceTree = "<group>"; };
		4445CF85201F6D9E00CAEF06 /* API.swift */ = {isa = PBXFileReference; fileEncoding = 4; lastKnownFileType = sourcecode.swift; path = API.swift; sourceTree = "<group>"; };
		4445CF86201F6D9E00CAEF06 /* AppDelegate.swift */ = {isa = PBXFileReference; fileEncoding = 4; lastKnownFileType = sourcecode.swift; path = AppDelegate.swift; sourceTree = "<group>"; };
		4445CF87201F6D9E00CAEF06 /* Info.plist */ = {isa = PBXFileReference; fileEncoding = 4; lastKnownFileType = text.plist.xml; path = Info.plist; sourceTree = "<group>"; };
		EC6A1AB31C8F6E5A0071F529 /* DoggoGame.app */ = {isa = PBXFileReference; explicitFileType = wrapper.application; includeInIndex = 0; path = DoggoGame.app; sourceTree = BUILT_PRODUCTS_DIR; };
/* End PBXFileReference section */

/* Begin PBXFrameworksBuildPhase section */
		EC6A1AB01C8F6E5A0071F529 /* Frameworks */ = {
			isa = PBXFrameworksBuildPhase;
			buildActionMask = 2147483647;
			files = (
			);
			runOnlyForDeploymentPostprocessing = 0;
		};
/* End PBXFrameworksBuildPhase section */

/* Begin PBXGroup section */
		4445CF7B201F6D9E00CAEF06 /* DoggoGame */ = {
			isa = PBXGroup;
			children = (
				4445CF83201F6D9E00CAEF06 /* DoggoGameViewController.swift */,
				4445CF84201F6D9E00CAEF06 /* DoggoGame.swift */,
				4445CF93201F6F2C00CAEF06 /* Views */,
				4445CF92201F6F1700CAEF06 /* API */,
				4445CF7E201F6D9E00CAEF06 /* Models */,
				4445CF7D201F6D9E00CAEF06 /* Assets.xcassets */,
				4445CF81201F6D9E00CAEF06 /* Main.storyboard */,
				4445CF86201F6D9E00CAEF06 /* AppDelegate.swift */,
				4445CF87201F6D9E00CAEF06 /* Info.plist */,
			);
			path = DoggoGame;
			sourceTree = "<group>";
		};
		4445CF7E201F6D9E00CAEF06 /* Models */ = {
			isa = PBXGroup;
			children = (
				4445CF7F201F6D9E00CAEF06 /* Headshot.swift */,
				4445CF80201F6D9E00CAEF06 /* Profile.swift */,
			);
			path = Models;
			sourceTree = "<group>";
		};
		4445CF92201F6F1700CAEF06 /* API */ = {
			isa = PBXGroup;
			children = (
				4445CF85201F6D9E00CAEF06 /* API.swift */,
			);
			path = API;
			sourceTree = "<group>";
		};
		4445CF93201F6F2C00CAEF06 /* Views */ = {
			isa = PBXGroup;
			children = (
				4445CF7C201F6D9E00CAEF06 /* DoggoButton.swift */,
			);
			path = Views;
			sourceTree = "<group>";
		};
		EC6A1AAA1C8F6E5A0071F529 = {
			isa = PBXGroup;
			children = (
				4445CF7B201F6D9E00CAEF06 /* DoggoGame */,
				EC6A1AB41C8F6E5A0071F529 /* Products */,
			);
			sourceTree = "<group>";
		};
		EC6A1AB41C8F6E5A0071F529 /* Products */ = {
			isa = PBXGroup;
			children = (
				EC6A1AB31C8F6E5A0071F529 /* DoggoGame.app */,
			);
			name = Products;
			sourceTree = "<group>";
		};
/* End PBXGroup section */

/* Begin PBXNativeTarget section */
		EC6A1AB21C8F6E5A0071F529 /* DoggoGame */ = {
			isa = PBXNativeTarget;
			buildConfigurationList = EC6A1AC51C8F6E5A0071F529 /* Build configuration list for PBXNativeTarget "DoggoGame" */;
			buildPhases = (
				EC6A1AAF1C8F6E5A0071F529 /* Sources */,
				EC6A1AB01C8F6E5A0071F529 /* Frameworks */,
				EC6A1AB11C8F6E5A0071F529 /* Resources */,
			);
			buildRules = (
			);
			dependencies = (
			);
			name = DoggoGame;
			productName = NameGame;
			productReference = EC6A1AB31C8F6E5A0071F529 /* DoggoGame.app */;
			productType = "com.apple.product-type.application";
		};
/* End PBXNativeTarget section */

/* Begin PBXProject section */
		EC6A1AAB1C8F6E5A0071F529 /* Project object */ = {
			isa = PBXProject;
			attributes = {
				LastSwiftUpdateCheck = 0720;
				LastUpgradeCheck = 1010;
				ORGANIZATIONNAME = "WillowTree Apps";
				TargetAttributes = {
					EC6A1AB21C8F6E5A0071F529 = {
						CreatedOnToolsVersion = 7.2.1;
						LastSwiftMigration = 0920;
					};
				};
			};
			buildConfigurationList = EC6A1AAE1C8F6E5A0071F529 /* Build configuration list for PBXProject "DoggoGame" */;
			compatibilityVersion = "Xcode 3.2";
			developmentRegion = English;
			hasScannedForEncodings = 0;
			knownRegions = (
				en,
				Base,
			);
			mainGroup = EC6A1AAA1C8F6E5A0071F529;
			productRefGroup = EC6A1AB41C8F6E5A0071F529 /* Products */;
			projectDirPath = "";
			projectRoot = "";
			targets = (
				EC6A1AB21C8F6E5A0071F529 /* DoggoGame */,
			);
		};
/* End PBXProject section */

/* Begin PBXResourcesBuildPhase section */
		EC6A1AB11C8F6E5A0071F529 /* Resources */ = {
			isa = PBXResourcesBuildPhase;
			buildActionMask = 2147483647;
			files = (
				4445CF89201F6D9E00CAEF06 /* Assets.xcassets in Resources */,
				4445CF8C201F6D9E00CAEF06 /* Main.storyboard in Resources */,
			);
			runOnlyForDeploymentPostprocessing = 0;
		};
/* End PBXResourcesBuildPhase section */

/* Begin PBXSourcesBuildPhase section */
		EC6A1AAF1C8F6E5A0071F529 /* Sources */ = {
			isa = PBXSourcesBuildPhase;
			buildActionMask = 2147483647;
			files = (
				4445CF8E201F6D9E00CAEF06 /* DoggoGame.swift in Sources */,
				4445CF8B201F6D9E00CAEF06 /* Profile.swift in Sources */,
				4445CF90201F6D9E00CAEF06 /* AppDelegate.swift in Sources */,
				4445CF8A201F6D9E00CAEF06 /* Headshot.swift in Sources */,
				4445CF8D201F6D9E00CAEF06 /* DoggoGameViewController.swift in Sources */,
				4445CF8F201F6D9E00CAEF06 /* API.swift in Sources */,
				4445CF88201F6D9E00CAEF06 /* DoggoButton.swift in Sources */,
			);
			runOnlyForDeploymentPostprocessing = 0;
		};
/* End PBXSourcesBuildPhase section */

/* Begin PBXVariantGroup section */
		4445CF81201F6D9E00CAEF06 /* Main.storyboard */ = {
			isa = PBXVariantGroup;
			children = (
				4445CF82201F6D9E00CAEF06 /* Base */,
			);
			name = Main.storyboard;
			sourceTree = "<group>";
		};
/* End PBXVariantGroup section */

/* Begin XCBuildConfiguration section */
		EC6A1AC31C8F6E5A0071F529 /* Debug */ = {
			isa = XCBuildConfiguration;
			buildSettings = {
				ALWAYS_SEARCH_USER_PATHS = NO;
				CLANG_CXX_LANGUAGE_STANDARD = "gnu++0x";
				CLANG_CXX_LIBRARY = "libc++";
				CLANG_ENABLE_MODULES = YES;
				CLANG_ENABLE_OBJC_ARC = YES;
				CLANG_WARN_BLOCK_CAPTURE_AUTORELEASING = YES;
				CLANG_WARN_BOOL_CONVERSION = YES;
				CLANG_WARN_COMMA = YES;
				CLANG_WARN_CONSTANT_CONVERSION = YES;
				CLANG_WARN_DEPRECATED_OBJC_IMPLEMENTATIONS = YES;
				CLANG_WARN_DIRECT_OBJC_ISA_USAGE = YES_ERROR;
				CLANG_WARN_EMPTY_BODY = YES;
				CLANG_WARN_ENUM_CONVERSION = YES;
				CLANG_WARN_INFINITE_RECURSION = YES;
				CLANG_WARN_INT_CONVERSION = YES;
				CLANG_WARN_NON_LITERAL_NULL_CONVERSION = YES;
				CLANG_WARN_OBJC_IMPLICIT_RETAIN_SELF = YES;
				CLANG_WARN_OBJC_LITERAL_CONVERSION = YES;
				CLANG_WARN_OBJC_ROOT_CLASS = YES_ERROR;
				CLANG_WARN_RANGE_LOOP_ANALYSIS = YES;
				CLANG_WARN_STRICT_PROTOTYPES = YES;
				CLANG_WARN_SUSPICIOUS_MOVE = YES;
				CLANG_WARN_UNREACHABLE_CODE = YES;
				CLANG_WARN__DUPLICATE_METHOD_MATCH = YES;
				"CODE_SIGN_IDENTITY[sdk=iphoneos*]" = "iPhone Developer";
				COPY_PHASE_STRIP = NO;
				DEBUG_INFORMATION_FORMAT = dwarf;
				ENABLE_STRICT_OBJC_MSGSEND = YES;
				ENABLE_TESTABILITY = YES;
				GCC_C_LANGUAGE_STANDARD = gnu99;
				GCC_DYNAMIC_NO_PIC = NO;
				GCC_NO_COMMON_BLOCKS = YES;
				GCC_OPTIMIZATION_LEVEL = 0;
				GCC_PREPROCESSOR_DEFINITIONS = (
					"DEBUG=1",
					"$(inherited)",
				);
				GCC_WARN_64_TO_32_BIT_CONVERSION = YES;
				GCC_WARN_ABOUT_RETURN_TYPE = YES_ERROR;
				GCC_WARN_UNDECLARED_SELECTOR = YES;
				GCC_WARN_UNINITIALIZED_AUTOS = YES_AGGRESSIVE;
				GCC_WARN_UNUSED_FUNCTION = YES;
				GCC_WARN_UNUSED_VARIABLE = YES;
				IPHONEOS_DEPLOYMENT_TARGET = 9.2;
				MTL_ENABLE_DEBUG_INFO = YES;
				ONLY_ACTIVE_ARCH = YES;
				SDKROOT = iphoneos;
				SWIFT_OPTIMIZATION_LEVEL = "-Onone";
				TARGETED_DEVICE_FAMILY = "1,2";
			};
			name = Debug;
		};
		EC6A1AC41C8F6E5A0071F529 /* Release */ = {
			isa = XCBuildConfiguration;
			buildSettings = {
				ALWAYS_SEARCH_USER_PATHS = NO;
				CLANG_CXX_LANGUAGE_STANDARD = "gnu++0x";
				CLANG_CXX_LIBRARY = "libc++";
				CLANG_ENABLE_MODULES = YES;
				CLANG_ENABLE_OBJC_ARC = YES;
				CLANG_WARN_BLOCK_CAPTURE_AUTORELEASING = YES;
				CLANG_WARN_BOOL_CONVERSION = YES;
				CLANG_WARN_COMMA = YES;
				CLANG_WARN_CONSTANT_CONVERSION = YES;
				CLANG_WARN_DEPRECATED_OBJC_IMPLEMENTATIONS = YES;
				CLANG_WARN_DIRECT_OBJC_ISA_USAGE = YES_ERROR;
				CLANG_WARN_EMPTY_BODY = YES;
				CLANG_WARN_ENUM_CONVERSION = YES;
				CLANG_WARN_INFINITE_RECURSION = YES;
				CLANG_WARN_INT_CONVERSION = YES;
				CLANG_WARN_NON_LITERAL_NULL_CONVERSION = YES;
				CLANG_WARN_OBJC_IMPLICIT_RETAIN_SELF = YES;
				CLANG_WARN_OBJC_LITERAL_CONVERSION = YES;
				CLANG_WARN_OBJC_ROOT_CLASS = YES_ERROR;
				CLANG_WARN_RANGE_LOOP_ANALYSIS = YES;
				CLANG_WARN_STRICT_PROTOTYPES = YES;
				CLANG_WARN_SUSPICIOUS_MOVE = YES;
				CLANG_WARN_UNREACHABLE_CODE = YES;
				CLANG_WARN__DUPLICATE_METHOD_MATCH = YES;
				"CODE_SIGN_IDENTITY[sdk=iphoneos*]" = "iPhone Developer";
				COPY_PHASE_STRIP = NO;
				DEBUG_INFORMATION_FORMAT = "dwarf-with-dsym";
				ENABLE_NS_ASSERTIONS = NO;
				ENABLE_STRICT_OBJC_MSGSEND = YES;
				GCC_C_LANGUAGE_STANDARD = gnu99;
				GCC_NO_COMMON_BLOCKS = YES;
				GCC_WARN_64_TO_32_BIT_CONVERSION = YES;
				GCC_WARN_ABOUT_RETURN_TYPE = YES_ERROR;
				GCC_WARN_UNDECLARED_SELECTOR = YES;
				GCC_WARN_UNINITIALIZED_AUTOS = YES_AGGRESSIVE;
				GCC_WARN_UNUSED_FUNCTION = YES;
				GCC_WARN_UNUSED_VARIABLE = YES;
				IPHONEOS_DEPLOYMENT_TARGET = 9.2;
				MTL_ENABLE_DEBUG_INFO = NO;
				SDKROOT = iphoneos;
				SWIFT_OPTIMIZATION_LEVEL = "-Owholemodule";
				TARGETED_DEVICE_FAMILY = "1,2";
				VALIDATE_PRODUCT = YES;
			};
			name = Release;
		};
		EC6A1AC61C8F6E5A0071F529 /* Debug */ = {
			isa = XCBuildConfiguration;
			buildSettings = {
				ASSETCATALOG_COMPILER_APPICON_NAME = AppIcon;
				INFOPLIST_FILE = "$(SRCROOT)/DoggoGame/Info.plist";
				LD_RUNPATH_SEARCH_PATHS = "$(inherited) @executable_path/Frameworks";
				PRODUCT_BUNDLE_IDENTIFIER = com.willowtreeapps.DoggoGame;
				PRODUCT_NAME = "$(TARGET_NAME)";
				SWIFT_SWIFT3_OBJC_INFERENCE = Default;
				SWIFT_VERSION = 4.0;
			};
			name = Debug;
		};
		EC6A1AC71C8F6E5A0071F529 /* Release */ = {
			isa = XCBuildConfiguration;
			buildSettings = {
				ASSETCATALOG_COMPILER_APPICON_NAME = AppIcon;
				INFOPLIST_FILE = "$(SRCROOT)/DoggoGame/Info.plist";
				LD_RUNPATH_SEARCH_PATHS = "$(inherited) @executable_path/Frameworks";
				PRODUCT_BUNDLE_IDENTIFIER = com.willowtreeapps.DoggoGame;
				PRODUCT_NAME = "$(TARGET_NAME)";
				SWIFT_SWIFT3_OBJC_INFERENCE = Default;
				SWIFT_VERSION = 4.0;
			};
			name = Release;
		};
/* End XCBuildConfiguration section */

/* Begin XCConfigurationList section */
		EC6A1AAE1C8F6E5A0071F529 /* Build configuration list for PBXProject "DoggoGame" */ = {
			isa = XCConfigurationList;
			buildConfigurations = (
				EC6A1AC31C8F6E5A0071F529 /* Debug */,
				EC6A1AC41C8F6E5A0071F529 /* Release */,
			);
			defaultConfigurationIsVisible = 0;
			defaultConfigurationName = Release;
		};
		EC6A1AC51C8F6E5A0071F529 /* Build configuration list for PBXNativeTarget "DoggoGame" */ = {
			isa = XCConfigurationList;
			buildConfigurations = (
				EC6A1AC61C8F6E5A0071F529 /* Debug */,
				EC6A1AC71C8F6E5A0071F529 /* Release */,
			);
			defaultConfigurationIsVisible = 0;
			defaultConfigurationName = Release;
		};
/* End XCConfigurationList section */
	};
	rootObject = EC6A1AAB1C8F6E5A0071F529 /* Project object */;
}
